
Microsoft Visual Studio Solution File, Format Version 12.00
# Visual Studio Version 16
VisualStudioVersion = 16.0.29025.244
MinimumVisualStudioVersion = 10.0.40219.1
Project("{FAE04EC0-301F-11D3-BF4B-00C04F79EFBC}") = "Plugins", "Plugins\Plugins.csproj", "{069B4D72-81DD-49F1-9F4C-5BA58CC52D07}"
EndProject
Project("{FAE04EC0-301F-11D3-BF4B-00C04F79EFBC}") = "Workflows", "Workflows\Workflows.csproj", "{59EF756C-FF45-41A4-972C-DB19F4829314}"
EndProject
Project("{D954291E-2A0B-460D-934E-DC6B0785DB48}") = "Entities", "Entities\Entities.shproj", "{31AE8B67-1C3E-4202-87C8-3C2961195896}"
EndProject
Project("{FAE04EC0-301F-11D3-BF4B-00C04F79EFBC}") = "WebResources", "WebResources\WebResources.csproj", "{B5C868D5-1534-4BE4-A160-547CCB3DC930}"
EndProject
Project("{FAE04EC0-301F-11D3-BF4B-00C04F79EFBC}") = "Solutions", "Solutions\Solutions.csproj", "{FF0C1183-EA89-4F83-A0DF-DA8D05FD8869}"
EndProject
Project("{2150E333-8FDC-42A3-9474-1A3956D46DE8}") = "Solution Items", "Solution Items", "{DB8D8804-C1BF-4614-AAB1-F2DCACFE24DE}"
	ProjectSection(SolutionItems) = preProject
		build.yaml = build.yaml
		Provision.ps1 = Provision.ps1
		README.md = README.md
	EndProjectSection
EndProject
Project("{FAE04EC0-301F-11D3-BF4B-00C04F79EFBC}") = "Plugins.Tests", "Plugins.Tests\Plugins.Tests.csproj", "{3509C63E-D8DC-4D87-A5B9-F4972D4545D5}"
	ProjectSection(ProjectDependencies) = postProject
		{069B4D72-81DD-49F1-9F4C-5BA58CC52D07} = {069B4D72-81DD-49F1-9F4C-5BA58CC52D07}
	EndProjectSection
EndProject
Project("{FAE04EC0-301F-11D3-BF4B-00C04F79EFBC}") = "PackageDeployer", "PackageDeployer\PackageDeployer.csproj", "{170C0103-3F94-4896-9062-6314167F596A}"
	ProjectSection(ProjectDependencies) = postProject
		{59EF756C-FF45-41A4-972C-DB19F4829314} = {59EF756C-FF45-41A4-972C-DB19F4829314}
		{069B4D72-81DD-49F1-9F4C-5BA58CC52D07} = {069B4D72-81DD-49F1-9F4C-5BA58CC52D07}
		{FF0C1183-EA89-4F83-A0DF-DA8D05FD8869} = {FF0C1183-EA89-4F83-A0DF-DA8D05FD8869}
	EndProjectSection
EndProject
Project("{D954291E-2A0B-460D-934E-DC6B0785DB48}") = "Services", "Services\Services.shproj", "{5F0F4BDE-FE07-40B1-8D55-955B43AB35DB}"
EndProject
Project("{151D2E53-A2C4-4D7D-83FE-D05416EBD58E}") = "AzureResources", "AzureResources\AzureResources.deployproj", "{B76416AF-7157-403D-9BE8-43AD7607FEE0}"
EndProject
Project("{9A19103F-16F7-4668-BE54-9A1E7A4F7556}") = "Webhooks", "Webhooks\Webhooks.csproj", "{0B1EEFBA-472C-4F04-8BE6-33F8AC9B4CF6}"
EndProject
Project("{FAE04EC0-301F-11D3-BF4B-00C04F79EFBC}") = "PortalCompanionApp", "PortalCompanionApp\PortalCompanionApp.csproj", "{3C8EE62E-2C3E-4C38-8261-6E5DBFAB369D}"
EndProject
Global
	GlobalSection(SharedMSBuildProjectFiles) = preSolution
		Entities\Entities.projitems*{31ae8b67-1c3e-4202-87c8-3c2961195896}*SharedItemsImports = 13
		Services\Services.projitems*{5f0f4bde-fe07-40b1-8d55-955b43ab35db}*SharedItemsImports = 13
	EndGlobalSection
	GlobalSection(SolutionConfigurationPlatforms) = preSolution
		Core|Any CPU = Core|Any CPU
		Debug|Any CPU = Debug|Any CPU
		Release|Any CPU = Release|Any CPU
		Service and UI Tests|Any CPU = Service and UI Tests|Any CPU
	EndGlobalSection
	GlobalSection(ProjectConfigurationPlatforms) = postSolution
		{069B4D72-81DD-49F1-9F4C-5BA58CC52D07}.Core|Any CPU.ActiveCfg = Release|Any CPU
		{069B4D72-81DD-49F1-9F4C-5BA58CC52D07}.Core|Any CPU.Build.0 = Release|Any CPU
		{069B4D72-81DD-49F1-9F4C-5BA58CC52D07}.Debug|Any CPU.ActiveCfg = Debug|Any CPU
		{069B4D72-81DD-49F1-9F4C-5BA58CC52D07}.Debug|Any CPU.Build.0 = Debug|Any CPU
		{069B4D72-81DD-49F1-9F4C-5BA58CC52D07}.Release|Any CPU.ActiveCfg = Release|Any CPU
		{069B4D72-81DD-49F1-9F4C-5BA58CC52D07}.Release|Any CPU.Build.0 = Release|Any CPU
		{069B4D72-81DD-49F1-9F4C-5BA58CC52D07}.Service and UI Tests|Any CPU.ActiveCfg = Release|Any CPU
		{069B4D72-81DD-49F1-9F4C-5BA58CC52D07}.Service and UI Tests|Any CPU.Build.0 = Release|Any CPU
		{59EF756C-FF45-41A4-972C-DB19F4829314}.Core|Any CPU.ActiveCfg = Release|Any CPU
		{59EF756C-FF45-41A4-972C-DB19F4829314}.Core|Any CPU.Build.0 = Release|Any CPU
		{59EF756C-FF45-41A4-972C-DB19F4829314}.Debug|Any CPU.ActiveCfg = Debug|Any CPU
		{59EF756C-FF45-41A4-972C-DB19F4829314}.Debug|Any CPU.Build.0 = Debug|Any CPU
		{59EF756C-FF45-41A4-972C-DB19F4829314}.Release|Any CPU.ActiveCfg = Release|Any CPU
		{59EF756C-FF45-41A4-972C-DB19F4829314}.Release|Any CPU.Build.0 = Release|Any CPU
		{59EF756C-FF45-41A4-972C-DB19F4829314}.Service and UI Tests|Any CPU.ActiveCfg = Release|Any CPU
		{59EF756C-FF45-41A4-972C-DB19F4829314}.Service and UI Tests|Any CPU.Build.0 = Release|Any CPU
		{B5C868D5-1534-4BE4-A160-547CCB3DC930}.Core|Any CPU.ActiveCfg = Release|Any CPU
		{B5C868D5-1534-4BE4-A160-547CCB3DC930}.Core|Any CPU.Build.0 = Release|Any CPU
		{B5C868D5-1534-4BE4-A160-547CCB3DC930}.Debug|Any CPU.ActiveCfg = Debug|Any CPU
		{B5C868D5-1534-4BE4-A160-547CCB3DC930}.Debug|Any CPU.Build.0 = Debug|Any CPU
		{B5C868D5-1534-4BE4-A160-547CCB3DC930}.Release|Any CPU.ActiveCfg = Release|Any CPU
		{B5C868D5-1534-4BE4-A160-547CCB3DC930}.Release|Any CPU.Build.0 = Release|Any CPU
		{B5C868D5-1534-4BE4-A160-547CCB3DC930}.Service and UI Tests|Any CPU.ActiveCfg = Release|Any CPU
		{B5C868D5-1534-4BE4-A160-547CCB3DC930}.Service and UI Tests|Any CPU.Build.0 = Release|Any CPU
		{FF0C1183-EA89-4F83-A0DF-DA8D05FD8869}.Core|Any CPU.ActiveCfg = Release|Any CPU
		{FF0C1183-EA89-4F83-A0DF-DA8D05FD8869}.Core|Any CPU.Build.0 = Release|Any CPU
		{FF0C1183-EA89-4F83-A0DF-DA8D05FD8869}.Debug|Any CPU.ActiveCfg = Debug|Any CPU
		{FF0C1183-EA89-4F83-A0DF-DA8D05FD8869}.Debug|Any CPU.Build.0 = Debug|Any CPU
		{FF0C1183-EA89-4F83-A0DF-DA8D05FD8869}.Release|Any CPU.ActiveCfg = Release|Any CPU
		{FF0C1183-EA89-4F83-A0DF-DA8D05FD8869}.Release|Any CPU.Build.0 = Release|Any CPU
		{FF0C1183-EA89-4F83-A0DF-DA8D05FD8869}.Service and UI Tests|Any CPU.ActiveCfg = Release|Any CPU
		{FF0C1183-EA89-4F83-A0DF-DA8D05FD8869}.Service and UI Tests|Any CPU.Build.0 = Release|Any CPU
		{3509C63E-D8DC-4D87-A5B9-F4972D4545D5}.Core|Any CPU.ActiveCfg = Release|Any CPU
		{3509C63E-D8DC-4D87-A5B9-F4972D4545D5}.Core|Any CPU.Build.0 = Release|Any CPU
		{3509C63E-D8DC-4D87-A5B9-F4972D4545D5}.Debug|Any CPU.ActiveCfg = Debug|Any CPU
		{3509C63E-D8DC-4D87-A5B9-F4972D4545D5}.Debug|Any CPU.Build.0 = Debug|Any CPU
		{3509C63E-D8DC-4D87-A5B9-F4972D4545D5}.Release|Any CPU.ActiveCfg = Release|Any CPU
		{3509C63E-D8DC-4D87-A5B9-F4972D4545D5}.Release|Any CPU.Build.0 = Release|Any CPU
		{3509C63E-D8DC-4D87-A5B9-F4972D4545D5}.Service and UI Tests|Any CPU.ActiveCfg = Release|Any CPU
		{3509C63E-D8DC-4D87-A5B9-F4972D4545D5}.Service and UI Tests|Any CPU.Build.0 = Release|Any CPU
		{170C0103-3F94-4896-9062-6314167F596A}.Core|Any CPU.ActiveCfg = Core|Any CPU
		{170C0103-3F94-4896-9062-6314167F596A}.Core|Any CPU.Build.0 = Core|Any CPU
		{170C0103-3F94-4896-9062-6314167F596A}.Debug|Any CPU.ActiveCfg = Debug|Any CPU
		{170C0103-3F94-4896-9062-6314167F596A}.Debug|Any CPU.Build.0 = Debug|Any CPU
		{170C0103-3F94-4896-9062-6314167F596A}.Release|Any CPU.ActiveCfg = Release|Any CPU
		{170C0103-3F94-4896-9062-6314167F596A}.Release|Any CPU.Build.0 = Release|Any CPU
		{170C0103-3F94-4896-9062-6314167F596A}.Service and UI Tests|Any CPU.ActiveCfg = Service and UI Tests|Any CPU
		{170C0103-3F94-4896-9062-6314167F596A}.Service and UI Tests|Any CPU.Build.0 = Service and UI Tests|Any CPU
		{B76416AF-7157-403D-9BE8-43AD7607FEE0}.Core|Any CPU.ActiveCfg = Debug|Any CPU
		{B76416AF-7157-403D-9BE8-43AD7607FEE0}.Core|Any CPU.Build.0 = Debug|Any CPU
		{B76416AF-7157-403D-9BE8-43AD7607FEE0}.Debug|Any CPU.ActiveCfg = Debug|Any CPU
		{B76416AF-7157-403D-9BE8-43AD7607FEE0}.Debug|Any CPU.Build.0 = Debug|Any CPU
		{B76416AF-7157-403D-9BE8-43AD7607FEE0}.Release|Any CPU.ActiveCfg = Release|Any CPU
		{B76416AF-7157-403D-9BE8-43AD7607FEE0}.Release|Any CPU.Build.0 = Release|Any CPU
		{B76416AF-7157-403D-9BE8-43AD7607FEE0}.Service and UI Tests|Any CPU.ActiveCfg = Debug|Any CPU
		{B76416AF-7157-403D-9BE8-43AD7607FEE0}.Service and UI Tests|Any CPU.Build.0 = Debug|Any CPU
		{0B1EEFBA-472C-4F04-8BE6-33F8AC9B4CF6}.Core|Any CPU.ActiveCfg = Debug|Any CPU
		{0B1EEFBA-472C-4F04-8BE6-33F8AC9B4CF6}.Core|Any CPU.Build.0 = Debug|Any CPU
		{0B1EEFBA-472C-4F04-8BE6-33F8AC9B4CF6}.Debug|Any CPU.ActiveCfg = Debug|Any CPU
		{0B1EEFBA-472C-4F04-8BE6-33F8AC9B4CF6}.Debug|Any CPU.Build.0 = Debug|Any CPU
		{0B1EEFBA-472C-4F04-8BE6-33F8AC9B4CF6}.Release|Any CPU.ActiveCfg = Release|Any CPU
		{0B1EEFBA-472C-4F04-8BE6-33F8AC9B4CF6}.Release|Any CPU.Build.0 = Release|Any CPU
		{0B1EEFBA-472C-4F04-8BE6-33F8AC9B4CF6}.Service and UI Tests|Any CPU.ActiveCfg = Debug|Any CPU
		{0B1EEFBA-472C-4F04-8BE6-33F8AC9B4CF6}.Service and UI Tests|Any CPU.Build.0 = Debug|Any CPU
		{3C8EE62E-2C3E-4C38-8261-6E5DBFAB369D}.Core|Any CPU.ActiveCfg = Debug|Any CPU
		{3C8EE62E-2C3E-4C38-8261-6E5DBFAB369D}.Core|Any CPU.Build.0 = Debug|Any CPU
		{3C8EE62E-2C3E-4C38-8261-6E5DBFAB369D}.Debug|Any CPU.ActiveCfg = Debug|Any CPU
		{3C8EE62E-2C3E-4C38-8261-6E5DBFAB369D}.Debug|Any CPU.Build.0 = Debug|Any CPU
		{3C8EE62E-2C3E-4C38-8261-6E5DBFAB369D}.Release|Any CPU.ActiveCfg = Release|Any CPU
		{3C8EE62E-2C3E-4C38-8261-6E5DBFAB369D}.Release|Any CPU.Build.0 = Release|Any CPU
		{3C8EE62E-2C3E-4C38-8261-6E5DBFAB369D}.Service and UI Tests|Any CPU.ActiveCfg = Debug|Any CPU
		{3C8EE62E-2C3E-4C38-8261-6E5DBFAB369D}.Service and UI Tests|Any CPU.Build.0 = Debug|Any CPU
	EndGlobalSection
	GlobalSection(SolutionProperties) = preSolution
		HideSolutionNode = FALSE
	EndGlobalSection
	GlobalSection(ExtensibilityGlobals) = postSolution
		SolutionGuid = {BAFF6E65-3AFE-4170-B74B-F15AB461153A}
	EndGlobalSection
EndGlobal
